
Microsoft Visual Studio Solution File, Format Version 12.00
# Visual Studio Version 17
VisualStudioVersion = 17.7.34031.279
MinimumVisualStudioVersion = 10.0.40219.1
Project("{9A19103F-16F7-4668-BE54-9A1E7A4F7556}") = "WebShopRestService", "WebShopRestService\WebShopRestService.csproj", "{631165A4-3DAD-4ED2-894F-A48C1407A98A}"
EndProject
Project("{FAE04EC0-301F-11D3-BF4B-00C04F79EFBC}") = "WebShopRestService-UnitTest", "WebShopRestService-UnitTest\WebShopRestService-UnitTest.csproj", "{8D2A2EA1-12B7-411B-AAEA-FFDFDA7434C9}"
EndProject
Project("{FAE04EC0-301F-11D3-BF4B-00C04F79EFBC}") = "WebShopRestService-IntegrationTest", "WebShopRestService-IntegrationTest\WebShopRestService-IntegrationTest.csproj", "{CF85473F-8E14-4650-BCCA-D498831525D2}"
EndProject
Global
	GlobalSection(SolutionConfigurationPlatforms) = preSolution
		Debug|Any CPU = Debug|Any CPU
		Release|Any CPU = Release|Any CPU
	EndGlobalSection
	GlobalSection(ProjectConfigurationPlatforms) = postSolution
		{631165A4-3DAD-4ED2-894F-A48C1407A98A}.Debug|Any CPU.ActiveCfg = Debug|Any CPU
		{631165A4-3DAD-4ED2-894F-A48C1407A98A}.Debug|Any CPU.Build.0 = Debug|Any CPU
		{631165A4-3DAD-4ED2-894F-A48C1407A98A}.Release|Any CPU.ActiveCfg = Release|Any CPU
		{631165A4-3DAD-4ED2-894F-A48C1407A98A}.Release|Any CPU.Build.0 = Release|Any CPU
		{8D2A2EA1-12B7-411B-AAEA-FFDFDA7434C9}.Debug|Any CPU.ActiveCfg = Debug|Any CPU
		{8D2A2EA1-12B7-411B-AAEA-FFDFDA7434C9}.Debug|Any CPU.Build.0 = Debug|Any CPU
		{8D2A2EA1-12B7-411B-AAEA-FFDFDA7434C9}.Release|Any CPU.ActiveCfg = Release|Any CPU
		{8D2A2EA1-12B7-411B-AAEA-FFDFDA7434C9}.Release|Any CPU.Build.0 = Release|Any CPU
		{CF85473F-8E14-4650-BCCA-D498831525D2}.Debug|Any CPU.ActiveCfg = Debug|Any CPU
		{CF85473F-8E14-4650-BCCA-D498831525D2}.Debug|Any CPU.Build.0 = Debug|Any CPU
		{CF85473F-8E14-4650-BCCA-D498831525D2}.Release|Any CPU.ActiveCfg = Release|Any CPU
		{CF85473F-8E14-4650-BCCA-D498831525D2}.Release|Any CPU.Build.0 = Release|Any CPU
	EndGlobalSection
	GlobalSection(SolutionProperties) = preSolution
		HideSolutionNode = FALSE
	EndGlobalSection
	GlobalSection(ExtensibilityGlobals) = postSolution
		SolutionGuid = {3A4D35F8-6676-428F-8707-71124B515362}
	EndGlobalSection
EndGlobal
